
Microsoft Visual Studio Solution File, Format Version 12.00
# Visual Studio 15
VisualStudioVersion = 15.0.28307.489
MinimumVisualStudioVersion = 10.0.40219.1
Project("{FAE04EC0-301F-11D3-BF4B-00C04F79EFBC}") = "ilköğretimuygulma", "ilköğretimuygulma\ilköğretimuygulma.csproj", "{104C5320-C637-45FD-895A-7DC9C04BE45F}"
EndProject
Global
	GlobalSection(SolutionConfigurationPlatforms) = preSolution
		Debug|Any CPU = Debug|Any CPU
		Release|Any CPU = Release|Any CPU
	EndGlobalSection
	GlobalSection(ProjectConfigurationPlatforms) = postSolution
		{104C5320-C637-45FD-895A-7DC9C04BE45F}.Debug|Any CPU.ActiveCfg = Debug|Any CPU
		{104C5320-C637-45FD-895A-7DC9C04BE45F}.Debug|Any CPU.Build.0 = Debug|Any CPU
		{104C5320-C637-45FD-895A-7DC9C04BE45F}.Release|Any CPU.ActiveCfg = Release|Any CPU
		{104C5320-C637-45FD-895A-7DC9C04BE45F}.Release|Any CPU.Build.0 = Release|Any CPU
	EndGlobalSection
	GlobalSection(SolutionProperties) = preSolution
		HideSolutionNode = FALSE
	EndGlobalSection
	GlobalSection(ExtensibilityGlobals) = postSolution
		SolutionGuid = {AF19DB57-7BF2-425A-8474-B498A05CEA39}
	EndGlobalSection
EndGlobal
