
Microsoft Visual Studio Solution File, Format Version 12.00
# Visual Studio 15
VisualStudioVersion = 15.0.28307.489
MinimumVisualStudioVersion = 10.0.40219.1
Project("{FAE04EC0-301F-11D3-BF4B-00C04F79EFBC}") = "SınavButton", "SınavButton\SınavButton.csproj", "{EF18A307-D511-4CB2-B10A-D216F7A35623}"
EndProject
Global
	GlobalSection(SolutionConfigurationPlatforms) = preSolution
		Debug|Any CPU = Debug|Any CPU
		Release|Any CPU = Release|Any CPU
	EndGlobalSection
	GlobalSection(ProjectConfigurationPlatforms) = postSolution
		{EF18A307-D511-4CB2-B10A-D216F7A35623}.Debug|Any CPU.ActiveCfg = Debug|Any CPU
		{EF18A307-D511-4CB2-B10A-D216F7A35623}.Debug|Any CPU.Build.0 = Debug|Any CPU
		{EF18A307-D511-4CB2-B10A-D216F7A35623}.Release|Any CPU.ActiveCfg = Release|Any CPU
		{EF18A307-D511-4CB2-B10A-D216F7A35623}.Release|Any CPU.Build.0 = Release|Any CPU
	EndGlobalSection
	GlobalSection(SolutionProperties) = preSolution
		HideSolutionNode = FALSE
	EndGlobalSection
	GlobalSection(ExtensibilityGlobals) = postSolution
		SolutionGuid = {0D9113CD-C47C-4BA3-B7E9-B458E9FD1076}
	EndGlobalSection
EndGlobal
